
Microsoft Visual Studio Solution File, Format Version 12.00
# Visual Studio Version 17
VisualStudioVersion = 17.11.35312.102
MinimumVisualStudioVersion = 10.0.40219.1
Project("{2150E333-8FDC-42A3-9474-1A3956D46DE8}") = "ООП", "ООП", "{013CE368-EDF3-4952-900B-C19190D608BC}"
EndProject
Project("{2150E333-8FDC-42A3-9474-1A3956D46DE8}") = "Решение_задач", "Решение_задач", "{3AD93980-86F0-45AB-A2A9-9C0711039148}"
EndProject
Project("{2150E333-8FDC-42A3-9474-1A3956D46DE8}") = "2. Конструктор копирования", "2. Конструктор копирования", "{27B80E0B-3833-4EA1-85D9-4BE7F0C16277}"
	ProjectSection(SolutionItems) = preProject
		Деструктор.md = Деструктор.md
		Конструктор копирования.md = Конструктор копирования.md
	EndProjectSection
EndProject
Project("{8BC9CEB8-8B4A-11D0-8D11-00A0C91BC942}") = "Конструктор_копирования", "Конструктор_копирования\Конструктор_копирования.vcxproj", "{F00F6BD5-439B-4F7C-82AC-2228AF72DE7E}"
EndProject
Project("{8BC9CEB8-8B4A-11D0-8D11-00A0C91BC942}") = "Баланс_скобок", "Баланс_скобок\Баланс_скобок.vcxproj", "{F22FFAA6-45D9-4ADF-ACBB-53F075F9D19F}"
EndProject
Project("{2150E333-8FDC-42A3-9474-1A3956D46DE8}") = "3. Перегрузка операторов", "3. Перегрузка операторов", "{712B4F7D-25B9-4F71-A308-25A1ECC35FD0}"
	ProjectSection(SolutionItems) = preProject
		Перегрузка операторов.md = Перегрузка операторов.md
	EndProjectSection
EndProject
Project("{8BC9CEB8-8B4A-11D0-8D11-00A0C91BC942}") = "Перегрузка_операторов", "Перегрузка_операторов\Перегрузка_операторов.vcxproj", "{3FD24F54-B2FA-42C1-B71D-57FA8310A8BB}"
EndProject
Project("{8BC9CEB8-8B4A-11D0-8D11-00A0C91BC942}") = "brackets2", "brackets2\brackets2.vcxproj", "{CA9E5D90-C566-4297-93BC-80D0CCEC66BC}"
EndProject
Project("{2150E333-8FDC-42A3-9474-1A3956D46DE8}") = "1. Основы", "1. Основы", "{B40386E0-64D5-4F74-9DB8-CE142F4DA9D4}"
	ProjectSection(SolutionItems) = preProject
		Основные_понятия.md = Основные_понятия.md
	EndProjectSection
EndProject
Project("{8BC9CEB8-8B4A-11D0-8D11-00A0C91BC942}") = "Основы", "Основы\Основы.vcxproj", "{FFFDF1A3-1624-4A29-AFC9-7B6BABF2A120}"
EndProject
Project("{2150E333-8FDC-42A3-9474-1A3956D46DE8}") = "Задачи", "Задачи", "{5242AB26-B804-45A0-9431-9862540CDBEE}"
EndProject
Project("{8BC9CEB8-8B4A-11D0-8D11-00A0C91BC942}") = "Date", "Date\Date.vcxproj", "{681F1674-EE5A-41AA-B105-2C3001BE4B75}"
EndProject
Project("{8BC9CEB8-8B4A-11D0-8D11-00A0C91BC942}") = "Rational fractions", "Rational fractions\Rational fractions.vcxproj", "{F0A92D1E-C726-46A6-A582-693295FF8E38}"
EndProject
Project("{8BC9CEB8-8B4A-11D0-8D11-00A0C91BC942}") = "Minimal table path", "Minimal table path\Minimal table path.vcxproj", "{D75286FC-84C1-48F4-8ACB-83109A3CB50A}"
EndProject
Project("{2150E333-8FDC-42A3-9474-1A3956D46DE8}") = "4. Конструктор перемещения", "4. Конструктор перемещения", "{26E28DD8-FF8C-42A2-B055-BBF60F2B0C98}"
	ProjectSection(SolutionItems) = preProject
		Конструктор перемещения.md = Конструктор перемещения.md
	EndProjectSection
EndProject
Project("{8BC9CEB8-8B4A-11D0-8D11-00A0C91BC942}") = "Конструктор_перемещения", "Конструктор_перемещения\Конструктор_перемещения.vcxproj", "{6730B489-2B9E-47BA-AF4E-FD78A5042C3F}"
EndProject
Project("{2150E333-8FDC-42A3-9474-1A3956D46DE8}") = "STL", "STL", "{28044425-EA4B-4034-8C75-83B06A5DD73B}"
EndProject
Project("{2150E333-8FDC-42A3-9474-1A3956D46DE8}") = "5. Наследование", "5. Наследование", "{22DEBFF7-2FF5-4247-B135-56808BD57C43}"
	ProjectSection(SolutionItems) = preProject
		Наследование.md = Наследование.md
	EndProjectSection
EndProject
Project("{8BC9CEB8-8B4A-11D0-8D11-00A0C91BC942}") = "Наследование", "Наследование\Наследование.vcxproj", "{6246A067-CCFA-45F0-8688-33672FEF7E4B}"
EndProject
Global
	GlobalSection(SolutionConfigurationPlatforms) = preSolution
		Debug|x64 = Debug|x64
		Debug|x86 = Debug|x86
		Release|x64 = Release|x64
		Release|x86 = Release|x86
	EndGlobalSection
	GlobalSection(ProjectConfigurationPlatforms) = postSolution
		{F00F6BD5-439B-4F7C-82AC-2228AF72DE7E}.Debug|x64.ActiveCfg = Debug|x64
		{F00F6BD5-439B-4F7C-82AC-2228AF72DE7E}.Debug|x64.Build.0 = Debug|x64
		{F00F6BD5-439B-4F7C-82AC-2228AF72DE7E}.Debug|x86.ActiveCfg = Debug|Win32
		{F00F6BD5-439B-4F7C-82AC-2228AF72DE7E}.Debug|x86.Build.0 = Debug|Win32
		{F00F6BD5-439B-4F7C-82AC-2228AF72DE7E}.Release|x64.ActiveCfg = Release|x64
		{F00F6BD5-439B-4F7C-82AC-2228AF72DE7E}.Release|x64.Build.0 = Release|x64
		{F00F6BD5-439B-4F7C-82AC-2228AF72DE7E}.Release|x86.ActiveCfg = Release|Win32
		{F00F6BD5-439B-4F7C-82AC-2228AF72DE7E}.Release|x86.Build.0 = Release|Win32
		{F22FFAA6-45D9-4ADF-ACBB-53F075F9D19F}.Debug|x64.ActiveCfg = Debug|x64
		{F22FFAA6-45D9-4ADF-ACBB-53F075F9D19F}.Debug|x64.Build.0 = Debug|x64
		{F22FFAA6-45D9-4ADF-ACBB-53F075F9D19F}.Debug|x86.ActiveCfg = Debug|Win32
		{F22FFAA6-45D9-4ADF-ACBB-53F075F9D19F}.Debug|x86.Build.0 = Debug|Win32
		{F22FFAA6-45D9-4ADF-ACBB-53F075F9D19F}.Release|x64.ActiveCfg = Release|x64
		{F22FFAA6-45D9-4ADF-ACBB-53F075F9D19F}.Release|x64.Build.0 = Release|x64
		{F22FFAA6-45D9-4ADF-ACBB-53F075F9D19F}.Release|x86.ActiveCfg = Release|Win32
		{F22FFAA6-45D9-4ADF-ACBB-53F075F9D19F}.Release|x86.Build.0 = Release|Win32
		{3FD24F54-B2FA-42C1-B71D-57FA8310A8BB}.Debug|x64.ActiveCfg = Debug|x64
		{3FD24F54-B2FA-42C1-B71D-57FA8310A8BB}.Debug|x64.Build.0 = Debug|x64
		{3FD24F54-B2FA-42C1-B71D-57FA8310A8BB}.Debug|x86.ActiveCfg = Debug|Win32
		{3FD24F54-B2FA-42C1-B71D-57FA8310A8BB}.Debug|x86.Build.0 = Debug|Win32
		{3FD24F54-B2FA-42C1-B71D-57FA8310A8BB}.Release|x64.ActiveCfg = Release|x64
		{3FD24F54-B2FA-42C1-B71D-57FA8310A8BB}.Release|x64.Build.0 = Release|x64
		{3FD24F54-B2FA-42C1-B71D-57FA8310A8BB}.Release|x86.ActiveCfg = Release|Win32
		{3FD24F54-B2FA-42C1-B71D-57FA8310A8BB}.Release|x86.Build.0 = Release|Win32
		{CA9E5D90-C566-4297-93BC-80D0CCEC66BC}.Debug|x64.ActiveCfg = Debug|x64
		{CA9E5D90-C566-4297-93BC-80D0CCEC66BC}.Debug|x64.Build.0 = Debug|x64
		{CA9E5D90-C566-4297-93BC-80D0CCEC66BC}.Debug|x86.ActiveCfg = Debug|Win32
		{CA9E5D90-C566-4297-93BC-80D0CCEC66BC}.Debug|x86.Build.0 = Debug|Win32
		{CA9E5D90-C566-4297-93BC-80D0CCEC66BC}.Release|x64.ActiveCfg = Release|x64
		{CA9E5D90-C566-4297-93BC-80D0CCEC66BC}.Release|x64.Build.0 = Release|x64
		{CA9E5D90-C566-4297-93BC-80D0CCEC66BC}.Release|x86.ActiveCfg = Release|Win32
		{CA9E5D90-C566-4297-93BC-80D0CCEC66BC}.Release|x86.Build.0 = Release|Win32
		{FFFDF1A3-1624-4A29-AFC9-7B6BABF2A120}.Debug|x64.ActiveCfg = Debug|x64
		{FFFDF1A3-1624-4A29-AFC9-7B6BABF2A120}.Debug|x64.Build.0 = Debug|x64
		{FFFDF1A3-1624-4A29-AFC9-7B6BABF2A120}.Debug|x86.ActiveCfg = Debug|Win32
		{FFFDF1A3-1624-4A29-AFC9-7B6BABF2A120}.Debug|x86.Build.0 = Debug|Win32
		{FFFDF1A3-1624-4A29-AFC9-7B6BABF2A120}.Release|x64.ActiveCfg = Release|x64
		{FFFDF1A3-1624-4A29-AFC9-7B6BABF2A120}.Release|x64.Build.0 = Release|x64
		{FFFDF1A3-1624-4A29-AFC9-7B6BABF2A120}.Release|x86.ActiveCfg = Release|Win32
		{FFFDF1A3-1624-4A29-AFC9-7B6BABF2A120}.Release|x86.Build.0 = Release|Win32
		{681F1674-EE5A-41AA-B105-2C3001BE4B75}.Debug|x64.ActiveCfg = Debug|x64
		{681F1674-EE5A-41AA-B105-2C3001BE4B75}.Debug|x64.Build.0 = Debug|x64
		{681F1674-EE5A-41AA-B105-2C3001BE4B75}.Debug|x86.ActiveCfg = Debug|Win32
		{681F1674-EE5A-41AA-B105-2C3001BE4B75}.Debug|x86.Build.0 = Debug|Win32
		{681F1674-EE5A-41AA-B105-2C3001BE4B75}.Release|x64.ActiveCfg = Release|x64
		{681F1674-EE5A-41AA-B105-2C3001BE4B75}.Release|x64.Build.0 = Release|x64
		{681F1674-EE5A-41AA-B105-2C3001BE4B75}.Release|x86.ActiveCfg = Release|Win32
		{681F1674-EE5A-41AA-B105-2C3001BE4B75}.Release|x86.Build.0 = Release|Win32
		{F0A92D1E-C726-46A6-A582-693295FF8E38}.Debug|x64.ActiveCfg = Debug|x64
		{F0A92D1E-C726-46A6-A582-693295FF8E38}.Debug|x64.Build.0 = Debug|x64
		{F0A92D1E-C726-46A6-A582-693295FF8E38}.Debug|x86.ActiveCfg = Debug|Win32
		{F0A92D1E-C726-46A6-A582-693295FF8E38}.Debug|x86.Build.0 = Debug|Win32
		{F0A92D1E-C726-46A6-A582-693295FF8E38}.Release|x64.ActiveCfg = Release|x64
		{F0A92D1E-C726-46A6-A582-693295FF8E38}.Release|x64.Build.0 = Release|x64
		{F0A92D1E-C726-46A6-A582-693295FF8E38}.Release|x86.ActiveCfg = Release|Win32
		{F0A92D1E-C726-46A6-A582-693295FF8E38}.Release|x86.Build.0 = Release|Win32
		{D75286FC-84C1-48F4-8ACB-83109A3CB50A}.Debug|x64.ActiveCfg = Debug|x64
		{D75286FC-84C1-48F4-8ACB-83109A3CB50A}.Debug|x64.Build.0 = Debug|x64
		{D75286FC-84C1-48F4-8ACB-83109A3CB50A}.Debug|x86.ActiveCfg = Debug|Win32
		{D75286FC-84C1-48F4-8ACB-83109A3CB50A}.Debug|x86.Build.0 = Debug|Win32
		{D75286FC-84C1-48F4-8ACB-83109A3CB50A}.Release|x64.ActiveCfg = Release|x64
		{D75286FC-84C1-48F4-8ACB-83109A3CB50A}.Release|x64.Build.0 = Release|x64
		{D75286FC-84C1-48F4-8ACB-83109A3CB50A}.Release|x86.ActiveCfg = Release|Win32
		{D75286FC-84C1-48F4-8ACB-83109A3CB50A}.Release|x86.Build.0 = Release|Win32
		{6730B489-2B9E-47BA-AF4E-FD78A5042C3F}.Debug|x64.ActiveCfg = Debug|x64
		{6730B489-2B9E-47BA-AF4E-FD78A5042C3F}.Debug|x64.Build.0 = Debug|x64
		{6730B489-2B9E-47BA-AF4E-FD78A5042C3F}.Debug|x86.ActiveCfg = Debug|Win32
		{6730B489-2B9E-47BA-AF4E-FD78A5042C3F}.Debug|x86.Build.0 = Debug|Win32
		{6730B489-2B9E-47BA-AF4E-FD78A5042C3F}.Release|x64.ActiveCfg = Release|x64
		{6730B489-2B9E-47BA-AF4E-FD78A5042C3F}.Release|x64.Build.0 = Release|x64
		{6730B489-2B9E-47BA-AF4E-FD78A5042C3F}.Release|x86.ActiveCfg = Release|Win32
		{6730B489-2B9E-47BA-AF4E-FD78A5042C3F}.Release|x86.Build.0 = Release|Win32
		{6246A067-CCFA-45F0-8688-33672FEF7E4B}.Debug|x64.ActiveCfg = Debug|x64
		{6246A067-CCFA-45F0-8688-33672FEF7E4B}.Debug|x64.Build.0 = Debug|x64
		{6246A067-CCFA-45F0-8688-33672FEF7E4B}.Debug|x86.ActiveCfg = Debug|Win32
		{6246A067-CCFA-45F0-8688-33672FEF7E4B}.Debug|x86.Build.0 = Debug|Win32
		{6246A067-CCFA-45F0-8688-33672FEF7E4B}.Release|x64.ActiveCfg = Release|x64
		{6246A067-CCFA-45F0-8688-33672FEF7E4B}.Release|x64.Build.0 = Release|x64
		{6246A067-CCFA-45F0-8688-33672FEF7E4B}.Release|x86.ActiveCfg = Release|Win32
		{6246A067-CCFA-45F0-8688-33672FEF7E4B}.Release|x86.Build.0 = Release|Win32
	EndGlobalSection
	GlobalSection(SolutionProperties) = preSolution
		HideSolutionNode = FALSE
	EndGlobalSection
	GlobalSection(NestedProjects) = preSolution
		{27B80E0B-3833-4EA1-85D9-4BE7F0C16277} = {013CE368-EDF3-4952-900B-C19190D608BC}
		{F00F6BD5-439B-4F7C-82AC-2228AF72DE7E} = {27B80E0B-3833-4EA1-85D9-4BE7F0C16277}
		{F22FFAA6-45D9-4ADF-ACBB-53F075F9D19F} = {3AD93980-86F0-45AB-A2A9-9C0711039148}
		{712B4F7D-25B9-4F71-A308-25A1ECC35FD0} = {013CE368-EDF3-4952-900B-C19190D608BC}
		{3FD24F54-B2FA-42C1-B71D-57FA8310A8BB} = {712B4F7D-25B9-4F71-A308-25A1ECC35FD0}
		{CA9E5D90-C566-4297-93BC-80D0CCEC66BC} = {3AD93980-86F0-45AB-A2A9-9C0711039148}
		{B40386E0-64D5-4F74-9DB8-CE142F4DA9D4} = {013CE368-EDF3-4952-900B-C19190D608BC}
		{FFFDF1A3-1624-4A29-AFC9-7B6BABF2A120} = {B40386E0-64D5-4F74-9DB8-CE142F4DA9D4}
		{5242AB26-B804-45A0-9431-9862540CDBEE} = {B40386E0-64D5-4F74-9DB8-CE142F4DA9D4}
		{681F1674-EE5A-41AA-B105-2C3001BE4B75} = {5242AB26-B804-45A0-9431-9862540CDBEE}
		{F0A92D1E-C726-46A6-A582-693295FF8E38} = {3AD93980-86F0-45AB-A2A9-9C0711039148}
		{D75286FC-84C1-48F4-8ACB-83109A3CB50A} = {3AD93980-86F0-45AB-A2A9-9C0711039148}
		{26E28DD8-FF8C-42A2-B055-BBF60F2B0C98} = {013CE368-EDF3-4952-900B-C19190D608BC}
		{6730B489-2B9E-47BA-AF4E-FD78A5042C3F} = {26E28DD8-FF8C-42A2-B055-BBF60F2B0C98}
		{22DEBFF7-2FF5-4247-B135-56808BD57C43} = {013CE368-EDF3-4952-900B-C19190D608BC}
		{6246A067-CCFA-45F0-8688-33672FEF7E4B} = {22DEBFF7-2FF5-4247-B135-56808BD57C43}
	EndGlobalSection
	GlobalSection(ExtensibilityGlobals) = postSolution
		SolutionGuid = {C7A31FA5-EFCB-4817-9AF2-166B773121C3}
	EndGlobalSection
EndGlobal
